
Microsoft Visual Studio Solution File, Format Version 11.00
# Visual Studio 2010
Project("{FAE04EC0-301F-11D3-BF4B-00C04F79EFBC}") = "DistributedClientInterfaces", "..\DistributedInterfaces\DistributedClientInterfaces\DistributedClientInterfaces.csproj", "{92B489FA-6DF6-43B4-9C8D-F4979ECE0179}"
EndProject
Project("{FAE04EC0-301F-11D3-BF4B-00C04F79EFBC}") = "DistributedServerInterfaces", "..\DistributedInterfaces\DistributedServerInterfaces\DistributedServerInterfaces.csproj", "{D237E40E-4CCC-48B3-BEBD-5C01E26827DC}"
EndProject
Project("{FAE04EC0-301F-11D3-BF4B-00C04F79EFBC}") = "DistributedSharedInterfaces", "..\DistributedInterfaces\DistributedSharedInterfaces\DistributedSharedInterfaces.csproj", "{5AAB8AAE-733E-4A7B-925A-C0346F25FAF9}"
EndProject
Project("{FAE04EC0-301F-11D3-BF4B-00C04F79EFBC}") = "DistributedClientDll", "DistributedClientDll\DistributedClientDll.csproj", "{A078D77A-D9BC-430C-A4B5-12382A02DDDC}"
EndProject
Project("{FAE04EC0-301F-11D3-BF4B-00C04F79EFBC}") = "DistributedServerDll", "DistributedServerDll\DistributedServerDll.csproj", "{99099000-6BC2-4E2F-BA78-3BD4E7BA6731}"
EndProject
Project("{FAE04EC0-301F-11D3-BF4B-00C04F79EFBC}") = "DistributedShared", "DistributedShared\DistributedShared.csproj", "{EDCD524D-0F90-450F-9ECD-C5BE3804E6FC}"
EndProject
Project("{FAE04EC0-301F-11D3-BF4B-00C04F79EFBC}") = "DistributedClientWorker", "DistributedClientWorker\DistributedClientWorker.csproj", "{6F7DD09A-6A23-4E7B-A2CE-EA0CA2D0FEF8}"
EndProject
Project("{FAE04EC0-301F-11D3-BF4B-00C04F79EFBC}") = "DistributedServerWorker", "DistributedServerWorker\DistributedServerWorker.csproj", "{B3A3DE87-7FC5-40F6-868E-03C08B8791B6}"
EndProject
Project("{FAE04EC0-301F-11D3-BF4B-00C04F79EFBC}") = "DistributedServerShared", "DistributedServerShared\DistributedServerShared.csproj", "{87A3DD56-E942-4A41-AFB2-6023F072A7F7}"
EndProject
Project("{FAE04EC0-301F-11D3-BF4B-00C04F79EFBC}") = "DistributedClientShared", "DistributedClientShared\DistributedClientShared.csproj", "{59E3CF22-D457-476C-A128-55BF7B4DABA3}"
EndProject
Global
	GlobalSection(SolutionConfigurationPlatforms) = preSolution
		Debug|Any CPU = Debug|Any CPU
		Debug|Mixed Platforms = Debug|Mixed Platforms
		Debug|x86 = Debug|x86
		Release|Any CPU = Release|Any CPU
		Release|Mixed Platforms = Release|Mixed Platforms
		Release|x86 = Release|x86
	EndGlobalSection
	GlobalSection(ProjectConfigurationPlatforms) = postSolution
		{92B489FA-6DF6-43B4-9C8D-F4979ECE0179}.Debug|Any CPU.ActiveCfg = Debug|Any CPU
		{92B489FA-6DF6-43B4-9C8D-F4979ECE0179}.Debug|Any CPU.Build.0 = Debug|Any CPU
		{92B489FA-6DF6-43B4-9C8D-F4979ECE0179}.Debug|Mixed Platforms.ActiveCfg = Debug|Any CPU
		{92B489FA-6DF6-43B4-9C8D-F4979ECE0179}.Debug|Mixed Platforms.Build.0 = Debug|Any CPU
		{92B489FA-6DF6-43B4-9C8D-F4979ECE0179}.Debug|x86.ActiveCfg = Debug|Any CPU
		{92B489FA-6DF6-43B4-9C8D-F4979ECE0179}.Release|Any CPU.ActiveCfg = Release|Any CPU
		{92B489FA-6DF6-43B4-9C8D-F4979ECE0179}.Release|Any CPU.Build.0 = Release|Any CPU
		{92B489FA-6DF6-43B4-9C8D-F4979ECE0179}.Release|Mixed Platforms.ActiveCfg = Release|Any CPU
		{92B489FA-6DF6-43B4-9C8D-F4979ECE0179}.Release|Mixed Platforms.Build.0 = Release|Any CPU
		{92B489FA-6DF6-43B4-9C8D-F4979ECE0179}.Release|x86.ActiveCfg = Release|Any CPU
		{D237E40E-4CCC-48B3-BEBD-5C01E26827DC}.Debug|Any CPU.ActiveCfg = Debug|Any CPU
		{D237E40E-4CCC-48B3-BEBD-5C01E26827DC}.Debug|Any CPU.Build.0 = Debug|Any CPU
		{D237E40E-4CCC-48B3-BEBD-5C01E26827DC}.Debug|Mixed Platforms.ActiveCfg = Debug|Any CPU
		{D237E40E-4CCC-48B3-BEBD-5C01E26827DC}.Debug|Mixed Platforms.Build.0 = Debug|Any CPU
		{D237E40E-4CCC-48B3-BEBD-5C01E26827DC}.Debug|x86.ActiveCfg = Debug|Any CPU
		{D237E40E-4CCC-48B3-BEBD-5C01E26827DC}.Release|Any CPU.ActiveCfg = Release|Any CPU
		{D237E40E-4CCC-48B3-BEBD-5C01E26827DC}.Release|Any CPU.Build.0 = Release|Any CPU
		{D237E40E-4CCC-48B3-BEBD-5C01E26827DC}.Release|Mixed Platforms.ActiveCfg = Release|Any CPU
		{D237E40E-4CCC-48B3-BEBD-5C01E26827DC}.Release|Mixed Platforms.Build.0 = Release|Any CPU
		{D237E40E-4CCC-48B3-BEBD-5C01E26827DC}.Release|x86.ActiveCfg = Release|Any CPU
		{5AAB8AAE-733E-4A7B-925A-C0346F25FAF9}.Debug|Any CPU.ActiveCfg = Debug|Any CPU
		{5AAB8AAE-733E-4A7B-925A-C0346F25FAF9}.Debug|Any CPU.Build.0 = Debug|Any CPU
		{5AAB8AAE-733E-4A7B-925A-C0346F25FAF9}.Debug|Mixed Platforms.ActiveCfg = Debug|Any CPU
		{5AAB8AAE-733E-4A7B-925A-C0346F25FAF9}.Debug|Mixed Platforms.Build.0 = Debug|Any CPU
		{5AAB8AAE-733E-4A7B-925A-C0346F25FAF9}.Debug|x86.ActiveCfg = Debug|Any CPU
		{5AAB8AAE-733E-4A7B-925A-C0346F25FAF9}.Release|Any CPU.ActiveCfg = Release|Any CPU
		{5AAB8AAE-733E-4A7B-925A-C0346F25FAF9}.Release|Any CPU.Build.0 = Release|Any CPU
		{5AAB8AAE-733E-4A7B-925A-C0346F25FAF9}.Release|Mixed Platforms.ActiveCfg = Release|Any CPU
		{5AAB8AAE-733E-4A7B-925A-C0346F25FAF9}.Release|Mixed Platforms.Build.0 = Release|Any CPU
		{5AAB8AAE-733E-4A7B-925A-C0346F25FAF9}.Release|x86.ActiveCfg = Release|Any CPU
		{A078D77A-D9BC-430C-A4B5-12382A02DDDC}.Debug|Any CPU.ActiveCfg = Debug|Any CPU
		{A078D77A-D9BC-430C-A4B5-12382A02DDDC}.Debug|Any CPU.Build.0 = Debug|Any CPU
		{A078D77A-D9BC-430C-A4B5-12382A02DDDC}.Debug|Mixed Platforms.ActiveCfg = Debug|Any CPU
		{A078D77A-D9BC-430C-A4B5-12382A02DDDC}.Debug|Mixed Platforms.Build.0 = Debug|Any CPU
		{A078D77A-D9BC-430C-A4B5-12382A02DDDC}.Debug|x86.ActiveCfg = Debug|Any CPU
		{A078D77A-D9BC-430C-A4B5-12382A02DDDC}.Release|Any CPU.ActiveCfg = Release|Any CPU
		{A078D77A-D9BC-430C-A4B5-12382A02DDDC}.Release|Any CPU.Build.0 = Release|Any CPU
		{A078D77A-D9BC-430C-A4B5-12382A02DDDC}.Release|Mixed Platforms.ActiveCfg = Release|Any CPU
		{A078D77A-D9BC-430C-A4B5-12382A02DDDC}.Release|Mixed Platforms.Build.0 = Release|Any CPU
		{A078D77A-D9BC-430C-A4B5-12382A02DDDC}.Release|x86.ActiveCfg = Release|Any CPU
		{99099000-6BC2-4E2F-BA78-3BD4E7BA6731}.Debug|Any CPU.ActiveCfg = Debug|Any CPU
		{99099000-6BC2-4E2F-BA78-3BD4E7BA6731}.Debug|Any CPU.Build.0 = Debug|Any CPU
		{99099000-6BC2-4E2F-BA78-3BD4E7BA6731}.Debug|Mixed Platforms.ActiveCfg = Debug|Any CPU
		{99099000-6BC2-4E2F-BA78-3BD4E7BA6731}.Debug|Mixed Platforms.Build.0 = Debug|Any CPU
		{99099000-6BC2-4E2F-BA78-3BD4E7BA6731}.Debug|x86.ActiveCfg = Debug|Any CPU
		{99099000-6BC2-4E2F-BA78-3BD4E7BA6731}.Release|Any CPU.ActiveCfg = Release|Any CPU
		{99099000-6BC2-4E2F-BA78-3BD4E7BA6731}.Release|Any CPU.Build.0 = Release|Any CPU
		{99099000-6BC2-4E2F-BA78-3BD4E7BA6731}.Release|Mixed Platforms.ActiveCfg = Release|Any CPU
		{99099000-6BC2-4E2F-BA78-3BD4E7BA6731}.Release|Mixed Platforms.Build.0 = Release|Any CPU
		{99099000-6BC2-4E2F-BA78-3BD4E7BA6731}.Release|x86.ActiveCfg = Release|Any CPU
		{EDCD524D-0F90-450F-9ECD-C5BE3804E6FC}.Debug|Any CPU.ActiveCfg = Debug|Any CPU
		{EDCD524D-0F90-450F-9ECD-C5BE3804E6FC}.Debug|Any CPU.Build.0 = Debug|Any CPU
		{EDCD524D-0F90-450F-9ECD-C5BE3804E6FC}.Debug|Mixed Platforms.ActiveCfg = Debug|Any CPU
		{EDCD524D-0F90-450F-9ECD-C5BE3804E6FC}.Debug|Mixed Platforms.Build.0 = Debug|Any CPU
		{EDCD524D-0F90-450F-9ECD-C5BE3804E6FC}.Debug|x86.ActiveCfg = Debug|Any CPU
		{EDCD524D-0F90-450F-9ECD-C5BE3804E6FC}.Release|Any CPU.ActiveCfg = Release|Any CPU
		{EDCD524D-0F90-450F-9ECD-C5BE3804E6FC}.Release|Any CPU.Build.0 = Release|Any CPU
		{EDCD524D-0F90-450F-9ECD-C5BE3804E6FC}.Release|Mixed Platforms.ActiveCfg = Release|Any CPU
		{EDCD524D-0F90-450F-9ECD-C5BE3804E6FC}.Release|Mixed Platforms.Build.0 = Release|Any CPU
		{EDCD524D-0F90-450F-9ECD-C5BE3804E6FC}.Release|x86.ActiveCfg = Release|Any CPU
		{6F7DD09A-6A23-4E7B-A2CE-EA0CA2D0FEF8}.Debug|Any CPU.ActiveCfg = Debug|x86
		{6F7DD09A-6A23-4E7B-A2CE-EA0CA2D0FEF8}.Debug|Mixed Platforms.ActiveCfg = Debug|x86
		{6F7DD09A-6A23-4E7B-A2CE-EA0CA2D0FEF8}.Debug|Mixed Platforms.Build.0 = Debug|x86
		{6F7DD09A-6A23-4E7B-A2CE-EA0CA2D0FEF8}.Debug|x86.ActiveCfg = Debug|x86
		{6F7DD09A-6A23-4E7B-A2CE-EA0CA2D0FEF8}.Debug|x86.Build.0 = Debug|x86
		{6F7DD09A-6A23-4E7B-A2CE-EA0CA2D0FEF8}.Release|Any CPU.ActiveCfg = Release|x86
		{6F7DD09A-6A23-4E7B-A2CE-EA0CA2D0FEF8}.Release|Mixed Platforms.ActiveCfg = Release|x86
		{6F7DD09A-6A23-4E7B-A2CE-EA0CA2D0FEF8}.Release|Mixed Platforms.Build.0 = Release|x86
		{6F7DD09A-6A23-4E7B-A2CE-EA0CA2D0FEF8}.Release|x86.ActiveCfg = Release|x86
		{6F7DD09A-6A23-4E7B-A2CE-EA0CA2D0FEF8}.Release|x86.Build.0 = Release|x86
		{B3A3DE87-7FC5-40F6-868E-03C08B8791B6}.Debug|Any CPU.ActiveCfg = Debug|x86
		{B3A3DE87-7FC5-40F6-868E-03C08B8791B6}.Debug|Mixed Platforms.ActiveCfg = Debug|x86
		{B3A3DE87-7FC5-40F6-868E-03C08B8791B6}.Debug|Mixed Platforms.Build.0 = Debug|x86
		{B3A3DE87-7FC5-40F6-868E-03C08B8791B6}.Debug|x86.ActiveCfg = Debug|x86
		{B3A3DE87-7FC5-40F6-868E-03C08B8791B6}.Debug|x86.Build.0 = Debug|x86
		{B3A3DE87-7FC5-40F6-868E-03C08B8791B6}.Release|Any CPU.ActiveCfg = Release|x86
		{B3A3DE87-7FC5-40F6-868E-03C08B8791B6}.Release|Mixed Platforms.ActiveCfg = Release|x86
		{B3A3DE87-7FC5-40F6-868E-03C08B8791B6}.Release|Mixed Platforms.Build.0 = Release|x86
		{B3A3DE87-7FC5-40F6-868E-03C08B8791B6}.Release|x86.ActiveCfg = Release|x86
		{B3A3DE87-7FC5-40F6-868E-03C08B8791B6}.Release|x86.Build.0 = Release|x86
		{87A3DD56-E942-4A41-AFB2-6023F072A7F7}.Debug|Any CPU.ActiveCfg = Debug|Any CPU
		{87A3DD56-E942-4A41-AFB2-6023F072A7F7}.Debug|Any CPU.Build.0 = Debug|Any CPU
		{87A3DD56-E942-4A41-AFB2-6023F072A7F7}.Debug|Mixed Platforms.ActiveCfg = Debug|Any CPU
		{87A3DD56-E942-4A41-AFB2-6023F072A7F7}.Debug|Mixed Platforms.Build.0 = Debug|Any CPU
		{87A3DD56-E942-4A41-AFB2-6023F072A7F7}.Debug|x86.ActiveCfg = Debug|Any CPU
		{87A3DD56-E942-4A41-AFB2-6023F072A7F7}.Release|Any CPU.ActiveCfg = Release|Any CPU
		{87A3DD56-E942-4A41-AFB2-6023F072A7F7}.Release|Any CPU.Build.0 = Release|Any CPU
		{87A3DD56-E942-4A41-AFB2-6023F072A7F7}.Release|Mixed Platforms.ActiveCfg = Release|Any CPU
		{87A3DD56-E942-4A41-AFB2-6023F072A7F7}.Release|Mixed Platforms.Build.0 = Release|Any CPU
		{87A3DD56-E942-4A41-AFB2-6023F072A7F7}.Release|x86.ActiveCfg = Release|Any CPU
		{59E3CF22-D457-476C-A128-55BF7B4DABA3}.Debug|Any CPU.ActiveCfg = Debug|Any CPU
		{59E3CF22-D457-476C-A128-55BF7B4DABA3}.Debug|Any CPU.Build.0 = Debug|Any CPU
		{59E3CF22-D457-476C-A128-55BF7B4DABA3}.Debug|Mixed Platforms.ActiveCfg = Debug|Any CPU
		{59E3CF22-D457-476C-A128-55BF7B4DABA3}.Debug|Mixed Platforms.Build.0 = Debug|Any CPU
		{59E3CF22-D457-476C-A128-55BF7B4DABA3}.Debug|x86.ActiveCfg = Debug|Any CPU
		{59E3CF22-D457-476C-A128-55BF7B4DABA3}.Release|Any CPU.ActiveCfg = Release|Any CPU
		{59E3CF22-D457-476C-A128-55BF7B4DABA3}.Release|Any CPU.Build.0 = Release|Any CPU
		{59E3CF22-D457-476C-A128-55BF7B4DABA3}.Release|Mixed Platforms.ActiveCfg = Release|Any CPU
		{59E3CF22-D457-476C-A128-55BF7B4DABA3}.Release|Mixed Platforms.Build.0 = Release|Any CPU
		{59E3CF22-D457-476C-A128-55BF7B4DABA3}.Release|x86.ActiveCfg = Release|Any CPU
	EndGlobalSection
	GlobalSection(SolutionProperties) = preSolution
		HideSolutionNode = FALSE
	EndGlobalSection
EndGlobal
